
Microsoft Visual Studio Solution File, Format Version 12.00
# Visual Studio Version 16
VisualStudioVersion = 16.0.30523.141
MinimumVisualStudioVersion = 10.0.40219.1
Project("{9A19103F-16F7-4668-BE54-9A1E7A4F7556}") = "dotnet-core", "dotnet-core.csproj", "{138E8E59-6120-46DD-8299-83E8AB1D6CA3}"
EndProject
Global
	GlobalSection(SolutionConfigurationPlatforms) = preSolution
		Debug|Any CPU = Debug|Any CPU
		Release|Any CPU = Release|Any CPU
	EndGlobalSection
	GlobalSection(ProjectConfigurationPlatforms) = postSolution
		{138E8E59-6120-46DD-8299-83E8AB1D6CA3}.Debug|Any CPU.ActiveCfg = Debug|Any CPU
		{138E8E59-6120-46DD-8299-83E8AB1D6CA3}.Debug|Any CPU.Build.0 = Debug|Any CPU
		{138E8E59-6120-46DD-8299-83E8AB1D6CA3}.Release|Any CPU.ActiveCfg = Release|Any CPU
		{138E8E59-6120-46DD-8299-83E8AB1D6CA3}.Release|Any CPU.Build.0 = Release|Any CPU
	EndGlobalSection
	GlobalSection(SolutionProperties) = preSolution
		HideSolutionNode = FALSE
	EndGlobalSection
	GlobalSection(ExtensibilityGlobals) = postSolution
		SolutionGuid = {7273692D-D946-463F-AF2F-FAE77436D293}
	EndGlobalSection
EndGlobal
